// !$*UTF8*$!
{
	archiveVersion = 1;
	classes = {
	};
	objectVersion = 46;
	objects = {

/* Begin PBXBuildFile section */
		8008A39C1E77CBEA00EBFDC0 /* Main.storyboard in Resources */ = {isa = PBXBuildFile; fileRef = 8008A39E1E77CBEA00EBFDC0 /* Main.storyboard */; };
		8008A3A01E77F2DC00EBFDC0 /* PurchaseList.plist in Resources */ = {isa = PBXBuildFile; fileRef = 8008A39F1E77F2DC00EBFDC0 /* PurchaseList.plist */; };
		80AE3A341F162B8F00627ED4 /* StoreKit.framework in Frameworks */ = {isa = PBXBuildFile; fileRef = 80AE3A331F162B8F00627ED4 /* StoreKit.framework */; };
		80C92C4E1DE5A965009266BB /* AppDelegate.swift in Sources */ = {isa = PBXBuildFile; fileRef = 80C92C4D1DE5A965009266BB /* AppDelegate.swift */; };
		80C92C551DE5A965009266BB /* Assets.xcassets in Resources */ = {isa = PBXBuildFile; fileRef = 80C92C541DE5A965009266BB /* Assets.xcassets */; };
		80C92C581DE5A965009266BB /* LaunchScreen.storyboard in Resources */ = {isa = PBXBuildFile; fileRef = 80C92C561DE5A965009266BB /* LaunchScreen.storyboard */; };
		80C92C601DE5A971009266BB /* PSInAppPurchase.swift in Sources */ = {isa = PBXBuildFile; fileRef = 80C92C5F1DE5A971009266BB /* PSInAppPurchase.swift */; };
		80C92C621DE5A97F009266BB /* ViewController.swift in Sources */ = {isa = PBXBuildFile; fileRef = 80C92C611DE5A97F009266BB /* ViewController.swift */; };
/* End PBXBuildFile section */

/* Begin PBXFileReference section */
		8008A39D1E77CBEA00EBFDC0 /* en */ = {isa = PBXFileReference; lastKnownFileType = file.storyboard; name = en; path = en.lproj/Main.storyboard; sourceTree = "<group>"; };
		8008A39F1E77F2DC00EBFDC0 /* PurchaseList.plist */ = {isa = PBXFileReference; fileEncoding = 4; lastKnownFileType = text.plist.xml; path = PurchaseList.plist; sourceTree = "<group>"; };
		80AE3A331F162B8F00627ED4 /* StoreKit.framework */ = {isa = PBXFileReference; lastKnownFileType = wrapper.framework; name = StoreKit.framework; path = System/Library/Frameworks/StoreKit.framework; sourceTree = SDKROOT; };
		80C92C4A1DE5A965009266BB /* PSInAppPurchase.app */ = {isa = PBXFileReference; explicitFileType = wrapper.application; includeInIndex = 0; path = PSInAppPurchase.app; sourceTree = BUILT_PRODUCTS_DIR; };
		80C92C4D1DE5A965009266BB /* AppDelegate.swift */ = {isa = PBXFileReference; lastKnownFileType = sourcecode.swift; path = AppDelegate.swift; sourceTree = "<group>"; };
		80C92C541DE5A965009266BB /* Assets.xcassets */ = {isa = PBXFileReference; lastKnownFileType = folder.assetcatalog; path = Assets.xcassets; sourceTree = "<group>"; };
		80C92C571DE5A965009266BB /* Base */ = {isa = PBXFileReference; lastKnownFileType = file.storyboard; name = Base; path = Base.lproj/LaunchScreen.storyboard; sourceTree = "<group>"; };
		80C92C591DE5A965009266BB /* Info.plist */ = {isa = PBXFileReference; lastKnownFileType = text.plist.xml; path = Info.plist; sourceTree = "<group>"; };
		80C92C5F1DE5A971009266BB /* PSInAppPurchase.swift */ = {isa = PBXFileReference; fileEncoding = 4; lastKnownFileType = sourcecode.swift; path = PSInAppPurchase.swift; sourceTree = "<group>"; };
		80C92C611DE5A97F009266BB /* ViewController.swift */ = {isa = PBXFileReference; fileEncoding = 4; lastKnownFileType = sourcecode.swift; path = ViewController.swift; sourceTree = "<group>"; };
/* End PBXFileReference section */

/* Begin PBXFrameworksBuildPhase section */
		80C92C471DE5A965009266BB /* Frameworks */ = {
			isa = PBXFrameworksBuildPhase;
			buildActionMask = 2147483647;
			files = (
				80AE3A341F162B8F00627ED4 /* StoreKit.framework in Frameworks */,
			);
			runOnlyForDeploymentPostprocessing = 0;
		};
/* End PBXFrameworksBuildPhase section */

/* Begin PBXGroup section */
		80AE3A321F162B8F00627ED4 /* Frameworks */ = {
			isa = PBXGroup;
			children = (
				80AE3A331F162B8F00627ED4 /* StoreKit.framework */,
			);
			name = Frameworks;
			sourceTree = "<group>";
		};
		80C92C411DE5A965009266BB = {
			isa = PBXGroup;
			children = (
				80C92C4C1DE5A965009266BB /* PSInAppPurchase */,
				80C92C4B1DE5A965009266BB /* Products */,
				80AE3A321F162B8F00627ED4 /* Frameworks */,
			);
			sourceTree = "<group>";
		};
		80C92C4B1DE5A965009266BB /* Products */ = {
			isa = PBXGroup;
			children = (
				80C92C4A1DE5A965009266BB /* PSInAppPurchase.app */,
			);
			name = Products;
			sourceTree = "<group>";
		};
		80C92C4C1DE5A965009266BB /* PSInAppPurchase */ = {
			isa = PBXGroup;
			children = (
				80C92C4D1DE5A965009266BB /* AppDelegate.swift */,
				80C92C611DE5A97F009266BB /* ViewController.swift */,
				80C92C5F1DE5A971009266BB /* PSInAppPurchase.swift */,
				80C92C541DE5A965009266BB /* Assets.xcassets */,
				8008A39E1E77CBEA00EBFDC0 /* Main.storyboard */,
				80C92C561DE5A965009266BB /* LaunchScreen.storyboard */,
				80C92C591DE5A965009266BB /* Info.plist */,
				8008A39F1E77F2DC00EBFDC0 /* PurchaseList.plist */,
			);
			path = PSInAppPurchase;
			sourceTree = "<group>";
		};
/* End PBXGroup section */

/* Begin PBXNativeTarget section */
		80C92C491DE5A965009266BB /* PSInAppPurchase */ = {
			isa = PBXNativeTarget;
			buildConfigurationList = 80C92C5C1DE5A965009266BB /* Build configuration list for PBXNativeTarget "PSInAppPurchase" */;
			buildPhases = (
				80C92C461DE5A965009266BB /* Sources */,
				80C92C471DE5A965009266BB /* Frameworks */,
				80C92C481DE5A965009266BB /* Resources */,
			);
			buildRules = (
			);
			dependencies = (
			);
			name = PSInAppPurchase;
			productName = PSInAppPurchase;
			productReference = 80C92C4A1DE5A965009266BB /* PSInAppPurchase.app */;
			productType = "com.apple.product-type.application";
		};
/* End PBXNativeTarget section */

/* Begin PBXProject section */
		80C92C421DE5A965009266BB /* Project object */ = {
			isa = PBXProject;
			attributes = {
				LastSwiftUpdateCheck = 0810;
				LastUpgradeCheck = 0810;
				ORGANIZATIONNAME = "Prabhjot Singh";
				TargetAttributes = {
					80C92C491DE5A965009266BB = {
						CreatedOnToolsVersion = 8.1;
						DevelopmentTeam = DY9DWRJJ32;
						ProvisioningStyle = Automatic;
						SystemCapabilities = {
							com.apple.InAppPurchase = {
								enabled = 1;
							};
						};
					};
				};
			};
			buildConfigurationList = 80C92C451DE5A965009266BB /* Build configuration list for PBXProject "PSInAppPurchase" */;
			compatibilityVersion = "Xcode 3.2";
			developmentRegion = English;
			hasScannedForEncodings = 0;
			knownRegions = (
				en,
				Base,
			);
			mainGroup = 80C92C411DE5A965009266BB;
			productRefGroup = 80C92C4B1DE5A965009266BB /* Products */;
			projectDirPath = "";
			projectRoot = "";
			targets = (
				80C92C491DE5A965009266BB /* PSInAppPurchase */,
			);
		};
/* End PBXProject section */

/* Begin PBXResourcesBuildPhase section */
		80C92C481DE5A965009266BB /* Resources */ = {
			isa = PBXResourcesBuildPhase;
			buildActionMask = 2147483647;
			files = (
				8008A39C1E77CBEA00EBFDC0 /* Main.storyboard in Resources */,
				80C92C581DE5A965009266BB /* LaunchScreen.storyboard in Resources */,
				80C92C551DE5A965009266BB /* Assets.xcassets in Resources */,
				8008A3A01E77F2DC00EBFDC0 /* PurchaseList.plist in Resources */,
			);
			runOnlyForDeploymentPostprocessing = 0;
		};
/* End PBXResourcesBuildPhase section */

/* Begin PBXSourcesBuildPhase section */
		80C92C461DE5A965009266BB /* Sources */ = {
			isa = PBXSourcesBuildPhase;
			buildActionMask = 2147483647;
			files = (
				80C92C621DE5A97F009266BB /* ViewController.swift in Sources */,
				80C92C4E1DE5A965009266BB /* AppDelegate.swift in Sources */,
				80C92C601DE5A971009266BB /* PSInAppPurchase.swift in Sources */,
			);
			runOnlyForDeploymentPostprocessing = 0;
		};
/* End PBXSourcesBuildPhase section */

/* Begin PBXVariantGroup section */
		8008A39E1E77CBEA00EBFDC0 /* Main.storyboard */ = {
			isa = PBXVariantGroup;
			children = (
				8008A39D1E77CBEA00EBFDC0 /* en */,
			);
			name = Main.storyboard;
			sourceTree = "<group>";
		};
		80C92C561DE5A965009266BB /* LaunchScreen.storyboard */ = {
			isa = PBXVariantGroup;
			children = (
				80C92C571DE5A965009266BB /* Base */,
			);
			name = LaunchScreen.storyboard;
			sourceTree = "<group>";
		};
/* End PBXVariantGroup section */

/* Begin XCBuildConfiguration section */
		80C92C5A1DE5A965009266BB /* Debug */ = {
			isa = XCBuildConfiguration;
			buildSettings = {
				ALWAYS_SEARCH_USER_PATHS = NO;
				CLANG_ANALYZER_NONNULL = YES;
				CLANG_CXX_LANGUAGE_STANDARD = "gnu++0x";
				CLANG_CXX_LIBRARY = "libc++";
				CLANG_ENABLE_MODULES = YES;
				CLANG_ENABLE_OBJC_ARC = YES;
				CLANG_WARN_BOOL_CONVERSION = YES;
				CLANG_WARN_CONSTANT_CONVERSION = YES;
				CLANG_WARN_DIRECT_OBJC_ISA_USAGE = YES_ERROR;
				CLANG_WARN_DOCUMENTATION_COMMENTS = YES;
				CLANG_WARN_EMPTY_BODY = YES;
				CLANG_WARN_ENUM_CONVERSION = YES;
				CLANG_WARN_INFINITE_RECURSION = YES;
				CLANG_WARN_INT_CONVERSION = YES;
				CLANG_WARN_OBJC_ROOT_CLASS = YES_ERROR;
				CLANG_WARN_SUSPICIOUS_MOVES = YES;
				CLANG_WARN_UNREACHABLE_CODE = YES;
				CLANG_WARN__DUPLICATE_METHOD_MATCH = YES;
				"CODE_SIGN_IDENTITY[sdk=iphoneos*]" = "iPhone Developer";
				COPY_PHASE_STRIP = NO;
				DEBUG_INFORMATION_FORMAT = dwarf;
				ENABLE_STRICT_OBJC_MSGSEND = YES;
				ENABLE_TESTABILITY = YES;
				GCC_C_LANGUAGE_STANDARD = gnu99;
				GCC_DYNAMIC_NO_PIC = NO;
				GCC_NO_COMMON_BLOCKS = YES;
				GCC_OPTIMIZATION_LEVEL = 0;
				GCC_PREPROCESSOR_DEFINITIONS = (
					"DEBUG=1",
					"$(inherited)",
				);
				GCC_WARN_64_TO_32_BIT_CONVERSION = YES;
				GCC_WARN_ABOUT_RETURN_TYPE = YES_ERROR;
				GCC_WARN_UNDECLARED_SELECTOR = YES;
				GCC_WARN_UNINITIALIZED_AUTOS = YES_AGGRESSIVE;
				GCC_WARN_UNUSED_FUNCTION = YES;
				GCC_WARN_UNUSED_VARIABLE = YES;
				IPHONEOS_DEPLOYMENT_TARGET = 10.1;
				MTL_ENABLE_DEBUG_INFO = YES;
				ONLY_ACTIVE_ARCH = YES;
				SDKROOT = iphoneos;
				SWIFT_ACTIVE_COMPILATION_CONDITIONS = DEBUG;
				SWIFT_OPTIMIZATION_LEVEL = "-Onone";
				TARGETED_DEVICE_FAMILY = "1,2";
			};
			name = Debug;
		};
		80C92C5B1DE5A965009266BB /* Release */ = {
			isa = XCBuildConfiguration;
			buildSettings = {
				ALWAYS_SEARCH_USER_PATHS = NO;
				CLANG_ANALYZER_NONNULL = YES;
				CLANG_CXX_LANGUAGE_STANDARD = "gnu++0x";
				CLANG_CXX_LIBRARY = "libc++";
				CLANG_ENABLE_MODULES = YES;
				CLANG_ENABLE_OBJC_ARC = YES;
				CLANG_WARN_BOOL_CONVERSION = YES;
				CLANG_WARN_CONSTANT_CONVERSION = YES;
				CLANG_WARN_DIRECT_OBJC_ISA_USAGE = YES_ERROR;
				CLANG_WARN_DOCUMENTATION_COMMENTS = YES;
				CLANG_WARN_EMPTY_BODY = YES;
				CLANG_WARN_ENUM_CONVERSION = YES;
				CLANG_WARN_INFINITE_RECURSION = YES;
				CLANG_WARN_INT_CONVERSION = YES;
				CLANG_WARN_OBJC_ROOT_CLASS = YES_ERROR;
				CLANG_WARN_SUSPICIOUS_MOVES = YES;
				CLANG_WARN_UNREACHABLE_CODE = YES;
				CLANG_WARN__DUPLICATE_METHOD_MATCH = YES;
				"CODE_SIGN_IDENTITY[sdk=iphoneos*]" = "iPhone Developer";
				COPY_PHASE_STRIP = NO;
				DEBUG_INFORMATION_FORMAT = "dwarf-with-dsym";
				ENABLE_NS_ASSERTIONS = NO;
				ENABLE_STRICT_OBJC_MSGSEND = YES;
				GCC_C_LANGUAGE_STANDARD = gnu99;
				GCC_NO_COMMON_BLOCKS = YES;
				GCC_WARN_64_TO_32_BIT_CONVERSION = YES;
				GCC_WARN_ABOUT_RETURN_TYPE = YES_ERROR;
				GCC_WARN_UNDECLARED_SELECTOR = YES;
				GCC_WARN_UNINITIALIZED_AUTOS = YES_AGGRESSIVE;
				GCC_WARN_UNUSED_FUNCTION = YES;
				GCC_WARN_UNUSED_VARIABLE = YES;
				IPHONEOS_DEPLOYMENT_TARGET = 10.1;
				MTL_ENABLE_DEBUG_INFO = NO;
				SDKROOT = iphoneos;
				SWIFT_OPTIMIZATION_LEVEL = "-Owholemodule";
				TARGETED_DEVICE_FAMILY = "1,2";
				VALIDATE_PRODUCT = YES;
			};
			name = Release;
		};
		80C92C5D1DE5A965009266BB /* Debug */ = {
			isa = XCBuildConfiguration;
			buildSettings = {
				ASSETCATALOG_COMPILER_APPICON_NAME = AppIcon;
				CODE_SIGN_IDENTITY = "iPhone Developer: Maurice DeFalco Stuckey (F3FJ65TD6K)";
				"CODE_SIGN_IDENTITY[sdk=iphoneos*]" = "iPhone Developer";
				DEVELOPMENT_TEAM = DY9DWRJJ32;
				INFOPLIST_FILE = PSInAppPurchase/Info.plist;
				IPHONEOS_DEPLOYMENT_TARGET = 9.3;
				LD_RUNPATH_SEARCH_PATHS = "$(inherited) @executable_path/Frameworks";
				PRODUCT_BUNDLE_IDENTIFIER = com.TheStanker.TheStanker;
				PRODUCT_NAME = "$(TARGET_NAME)";
				PROVISIONING_PROFILE = "";
				PROVISIONING_PROFILE_SPECIFIER = "";
				SWIFT_VERSION = 3.0;
			};
			name = Debug;
		};
		80C92C5E1DE5A965009266BB /* Release */ = {
			isa = XCBuildConfiguration;
			buildSettings = {
				ASSETCATALOG_COMPILER_APPICON_NAME = AppIcon;
				CODE_SIGN_IDENTITY = "iPhone Developer: Maurice DeFalco Stuckey (F3FJ65TD6K)";
				"CODE_SIGN_IDENTITY[sdk=iphoneos*]" = "iPhone Developer";
				DEVELOPMENT_TEAM = DY9DWRJJ32;
				INFOPLIST_FILE = PSInAppPurchase/Info.plist;
				IPHONEOS_DEPLOYMENT_TARGET = 9.3;
				LD_RUNPATH_SEARCH_PATHS = "$(inherited) @executable_path/Frameworks";
				PRODUCT_BUNDLE_IDENTIFIER = com.TheStanker.TheStanker;
				PRODUCT_NAME = "$(TARGET_NAME)";
				PROVISIONING_PROFILE = "";
				PROVISIONING_PROFILE_SPECIFIER = "";
				SWIFT_VERSION = 3.0;
			};
			name = Release;
		};
/* End XCBuildConfiguration section */

/* Begin XCConfigurationList section */
		80C92C451DE5A965009266BB /* Build configuration list for PBXProject "PSInAppPurchase" */ = {
			isa = XCConfigurationList;
			buildConfigurations = (
				80C92C5A1DE5A965009266BB /* Debug */,
				80C92C5B1DE5A965009266BB /* Release */,
			);
			defaultConfigurationIsVisible = 0;
			defaultConfigurationName = Release;
		};
		80C92C5C1DE5A965009266BB /* Build configuration list for PBXNativeTarget "PSInAppPurchase" */ = {
			isa = XCConfigurationList;
			buildConfigurations = (
				80C92C5D1DE5A965009266BB /* Debug */,
				80C92C5E1DE5A965009266BB /* Release */,
			);
			defaultConfigurationIsVisible = 0;
			defaultConfigurationName = Release;
		};
/* End XCConfigurationList section */
	};
	rootObject = 80C92C421DE5A965009266BB /* Project object */;
}
